
Microsoft Visual Studio Solution File, Format Version 12.00
# Visual Studio Version 17
VisualStudioVersion = 17.5.33424.131
MinimumVisualStudioVersion = 10.0.40219.1
Project("{9A19103F-16F7-4668-BE54-9A1E7A4F7556}") = "MDP.Line.Lab", "MDP.Line.Lab\MDP.Line.Lab.csproj", "{B14CB242-0B4C-48F0-8B0B-A2F5473BC79B}"
EndProject
Project("{9A19103F-16F7-4668-BE54-9A1E7A4F7556}") = "MDP.Line", "MDP.Line\MDP.Line.csproj", "{04713A9B-5BD3-4AAE-BD47-BD44FBCA372E}"
EndProject
Project("{9A19103F-16F7-4668-BE54-9A1E7A4F7556}") = "MDP.Line.Mocks", "MDP.Line.Mocks\MDP.Line.Mocks.csproj", "{DEEFDE69-29B3-418C-AD48-EF3BA481D756}"
EndProject
Project("{9A19103F-16F7-4668-BE54-9A1E7A4F7556}") = "MDP.Line.Hosting", "MDP.Line.Hosting\MDP.Line.Hosting.csproj", "{65AB478E-7A6D-424C-A6DE-09AC651662B1}"
EndProject
Project("{9A19103F-16F7-4668-BE54-9A1E7A4F7556}") = "MDP.Line.Accesses", "MDP.Line.Accesses\MDP.Line.Accesses.csproj", "{B79A3B9C-A166-48A5-B7D2-FF0C90192DBF}"
EndProject
Project("{2150E333-8FDC-42A3-9474-1A3956D46DE8}") = "Lab", "Lab", "{E4DC0190-BBCA-4380-90EA-95BE2CE839F4}"
EndProject
Project("{9A19103F-16F7-4668-BE54-9A1E7A4F7556}") = "MDP.Line.WebApp", "MDP.Line.WebApp\MDP.Line.WebApp.csproj", "{8E02D305-D70C-4F29-A999-BAFC7DF6B44A}"
EndProject
Project("{FAE04EC0-301F-11D3-BF4B-00C04F79EFBC}") = "MDP.Line.Services", "MDP.Line.Services\MDP.Line.Services.csproj", "{FAA2B42E-426E-46B8-AEC8-1CAA94E90A85}"
EndProject
Global
	GlobalSection(SolutionConfigurationPlatforms) = preSolution
		Debug|Any CPU = Debug|Any CPU
		Release|Any CPU = Release|Any CPU
	EndGlobalSection
	GlobalSection(ProjectConfigurationPlatforms) = postSolution
		{B14CB242-0B4C-48F0-8B0B-A2F5473BC79B}.Debug|Any CPU.ActiveCfg = Debug|Any CPU
		{B14CB242-0B4C-48F0-8B0B-A2F5473BC79B}.Debug|Any CPU.Build.0 = Debug|Any CPU
		{B14CB242-0B4C-48F0-8B0B-A2F5473BC79B}.Release|Any CPU.ActiveCfg = Release|Any CPU
		{B14CB242-0B4C-48F0-8B0B-A2F5473BC79B}.Release|Any CPU.Build.0 = Release|Any CPU
		{04713A9B-5BD3-4AAE-BD47-BD44FBCA372E}.Debug|Any CPU.ActiveCfg = Debug|Any CPU
		{04713A9B-5BD3-4AAE-BD47-BD44FBCA372E}.Debug|Any CPU.Build.0 = Debug|Any CPU
		{04713A9B-5BD3-4AAE-BD47-BD44FBCA372E}.Release|Any CPU.ActiveCfg = Release|Any CPU
		{04713A9B-5BD3-4AAE-BD47-BD44FBCA372E}.Release|Any CPU.Build.0 = Release|Any CPU
		{DEEFDE69-29B3-418C-AD48-EF3BA481D756}.Debug|Any CPU.ActiveCfg = Debug|Any CPU
		{DEEFDE69-29B3-418C-AD48-EF3BA481D756}.Debug|Any CPU.Build.0 = Debug|Any CPU
		{DEEFDE69-29B3-418C-AD48-EF3BA481D756}.Release|Any CPU.ActiveCfg = Release|Any CPU
		{DEEFDE69-29B3-418C-AD48-EF3BA481D756}.Release|Any CPU.Build.0 = Release|Any CPU
		{65AB478E-7A6D-424C-A6DE-09AC651662B1}.Debug|Any CPU.ActiveCfg = Debug|Any CPU
		{65AB478E-7A6D-424C-A6DE-09AC651662B1}.Debug|Any CPU.Build.0 = Debug|Any CPU
		{65AB478E-7A6D-424C-A6DE-09AC651662B1}.Release|Any CPU.ActiveCfg = Release|Any CPU
		{65AB478E-7A6D-424C-A6DE-09AC651662B1}.Release|Any CPU.Build.0 = Release|Any CPU
		{B79A3B9C-A166-48A5-B7D2-FF0C90192DBF}.Debug|Any CPU.ActiveCfg = Debug|Any CPU
		{B79A3B9C-A166-48A5-B7D2-FF0C90192DBF}.Debug|Any CPU.Build.0 = Debug|Any CPU
		{B79A3B9C-A166-48A5-B7D2-FF0C90192DBF}.Release|Any CPU.ActiveCfg = Release|Any CPU
		{B79A3B9C-A166-48A5-B7D2-FF0C90192DBF}.Release|Any CPU.Build.0 = Release|Any CPU
		{8E02D305-D70C-4F29-A999-BAFC7DF6B44A}.Debug|Any CPU.ActiveCfg = Debug|Any CPU
		{8E02D305-D70C-4F29-A999-BAFC7DF6B44A}.Debug|Any CPU.Build.0 = Debug|Any CPU
		{8E02D305-D70C-4F29-A999-BAFC7DF6B44A}.Release|Any CPU.ActiveCfg = Release|Any CPU
		{8E02D305-D70C-4F29-A999-BAFC7DF6B44A}.Release|Any CPU.Build.0 = Release|Any CPU
		{FAA2B42E-426E-46B8-AEC8-1CAA94E90A85}.Debug|Any CPU.ActiveCfg = Debug|Any CPU
		{FAA2B42E-426E-46B8-AEC8-1CAA94E90A85}.Debug|Any CPU.Build.0 = Debug|Any CPU
		{FAA2B42E-426E-46B8-AEC8-1CAA94E90A85}.Release|Any CPU.ActiveCfg = Release|Any CPU
		{FAA2B42E-426E-46B8-AEC8-1CAA94E90A85}.Release|Any CPU.Build.0 = Release|Any CPU
	EndGlobalSection
	GlobalSection(SolutionProperties) = preSolution
		HideSolutionNode = FALSE
	EndGlobalSection
	GlobalSection(NestedProjects) = preSolution
		{B14CB242-0B4C-48F0-8B0B-A2F5473BC79B} = {E4DC0190-BBCA-4380-90EA-95BE2CE839F4}
	EndGlobalSection
	GlobalSection(ExtensibilityGlobals) = postSolution
		SolutionGuid = {3265E436-460D-4A0E-8FB5-4924B8B2FB8C}
	EndGlobalSection
EndGlobal
